// !$*UTF8*$!
{
	archiveVersion = 1;
	classes = {
	};
	objectVersion = 46;
	objects = {

/* Begin PBXBuildFile section */
		84ED4BBA1A91EAA300910654 /* main.m in Sources */ = {isa = PBXBuildFile; fileRef = 84ED4BB91A91EAA300910654 /* main.m */; };
		84ED4BBD1A91EAA300910654 /* AppDelegate.m in Sources */ = {isa = PBXBuildFile; fileRef = 84ED4BBC1A91EAA300910654 /* AppDelegate.m */; };
		84ED4BC01A91EAA300910654 /* ViewController.m in Sources */ = {isa = PBXBuildFile; fileRef = 84ED4BBF1A91EAA300910654 /* ViewController.m */; };
		84ED4BC31A91EAA400910654 /* Main.storyboard in Resources */ = {isa = PBXBuildFile; fileRef = 84ED4BC11A91EAA400910654 /* Main.storyboard */; };
		84ED4BC51A91EAA400910654 /* Images.xcassets in Resources */ = {isa = PBXBuildFile; fileRef = 84ED4BC41A91EAA400910654 /* Images.xcassets */; };
		84ED4BC81A91EAA400910654 /* LaunchScreen.xib in Resources */ = {isa = PBXBuildFile; fileRef = 84ED4BC61A91EAA400910654 /* LaunchScreen.xib */; };
		84ED4BD41A91EAA400910654 /* salesforceTests.m in Sources */ = {isa = PBXBuildFile; fileRef = 84ED4BD31A91EAA400910654 /* salesforceTests.m */; };
/* End PBXBuildFile section */

/* Begin PBXContainerItemProxy section */
		84ED4BCE1A91EAA400910654 /* PBXContainerItemProxy */ = {
			isa = PBXContainerItemProxy;
			containerPortal = 84ED4BAC1A91EAA300910654 /* Project object */;
			proxyType = 1;
			remoteGlobalIDString = 84ED4BB31A91EAA300910654;
			remoteInfo = salesforce;
		};
/* End PBXContainerItemProxy section */

/* Begin PBXFileReference section */
		84ED4BB41A91EAA300910654 /* salesforce.app */ = {isa = PBXFileReference; explicitFileType = wrapper.application; includeInIndex = 0; path = salesforce.app; sourceTree = BUILT_PRODUCTS_DIR; };
		84ED4BB81A91EAA300910654 /* Info.plist */ = {isa = PBXFileReference; lastKnownFileType = text.plist.xml; path = Info.plist; sourceTree = "<group>"; };
		84ED4BB91A91EAA300910654 /* main.m */ = {isa = PBXFileReference; lastKnownFileType = sourcecode.c.objc; path = main.m; sourceTree = "<group>"; };
		84ED4BBB1A91EAA300910654 /* AppDelegate.h */ = {isa = PBXFileReference; lastKnownFileType = sourcecode.c.h; path = AppDelegate.h; sourceTree = "<group>"; };
		84ED4BBC1A91EAA300910654 /* AppDelegate.m */ = {isa = PBXFileReference; lastKnownFileType = sourcecode.c.objc; path = AppDelegate.m; sourceTree = "<group>"; };
		84ED4BBE1A91EAA300910654 /* ViewController.h */ = {isa = PBXFileReference; lastKnownFileType = sourcecode.c.h; path = ViewController.h; sourceTree = "<group>"; };
		84ED4BBF1A91EAA300910654 /* ViewController.m */ = {isa = PBXFileReference; lastKnownFileType = sourcecode.c.objc; path = ViewController.m; sourceTree = "<group>"; };
		84ED4BC21A91EAA400910654 /* Base */ = {isa = PBXFileReference; lastKnownFileType = file.storyboard; name = Base; path = Base.lproj/Main.storyboard; sourceTree = "<group>"; };
		84ED4BC41A91EAA400910654 /* Images.xcassets */ = {isa = PBXFileReference; lastKnownFileType = folder.assetcatalog; path = Images.xcassets; sourceTree = "<group>"; };
		84ED4BC71A91EAA400910654 /* Base */ = {isa = PBXFileReference; lastKnownFileType = file.xib; name = Base; path = Base.lproj/LaunchScreen.xib; sourceTree = "<group>"; };
		84ED4BCD1A91EAA400910654 /* salesforceTests.xctest */ = {isa = PBXFileReference; explicitFileType = wrapper.cfbundle; includeInIndex = 0; path = salesforceTests.xctest; sourceTree = BUILT_PRODUCTS_DIR; };
		84ED4BD21A91EAA400910654 /* Info.plist */ = {isa = PBXFileReference; lastKnownFileType = text.plist.xml; path = Info.plist; sourceTree = "<group>"; };
		84ED4BD31A91EAA400910654 /* salesforceTests.m */ = {isa = PBXFileReference; lastKnownFileType = sourcecode.c.objc; path = salesforceTests.m; sourceTree = "<group>"; };
/* End PBXFileReference section */

/* Begin PBXFrameworksBuildPhase section */
		84ED4BB11A91EAA300910654 /* Frameworks */ = {
			isa = PBXFrameworksBuildPhase;
			buildActionMask = 2147483647;
			files = (
			);
			runOnlyForDeploymentPostprocessing = 0;
		};
		84ED4BCA1A91EAA400910654 /* Frameworks */ = {
			isa = PBXFrameworksBuildPhase;
			buildActionMask = 2147483647;
			files = (
			);
			runOnlyForDeploymentPostprocessing = 0;
		};
/* End PBXFrameworksBuildPhase section */

/* Begin PBXGroup section */
		84ED4BAB1A91EAA300910654 = {
			isa = PBXGroup;
			children = (
				84ED4BB61A91EAA300910654 /* salesforce */,
				84ED4BD01A91EAA400910654 /* salesforceTests */,
				84ED4BB51A91EAA300910654 /* Products */,
			);
			sourceTree = "<group>";
		};
		84ED4BB51A91EAA300910654 /* Products */ = {
			isa = PBXGroup;
			children = (
				84ED4BB41A91EAA300910654 /* salesforce.app */,
				84ED4BCD1A91EAA400910654 /* salesforceTests.xctest */,
			);
			name = Products;
			sourceTree = "<group>";
		};
		84ED4BB61A91EAA300910654 /* salesforce */ = {
			isa = PBXGroup;
			children = (
				84ED4BBB1A91EAA300910654 /* AppDelegate.h */,
				84ED4BBC1A91EAA300910654 /* AppDelegate.m */,
				84ED4BBE1A91EAA300910654 /* ViewController.h */,
				84ED4BBF1A91EAA300910654 /* ViewController.m */,
				84ED4BC11A91EAA400910654 /* Main.storyboard */,
				84ED4BC41A91EAA400910654 /* Images.xcassets */,
				84ED4BC61A91EAA400910654 /* LaunchScreen.xib */,
				84ED4BB71A91EAA300910654 /* Supporting Files */,
			);
			path = salesforce;
			sourceTree = "<group>";
		};
		84ED4BB71A91EAA300910654 /* Supporting Files */ = {
			isa = PBXGroup;
			children = (
				84ED4BB81A91EAA300910654 /* Info.plist */,
				84ED4BB91A91EAA300910654 /* main.m */,
			);
			name = "Supporting Files";
			sourceTree = "<group>";
		};
		84ED4BD01A91EAA400910654 /* salesforceTests */ = {
			isa = PBXGroup;
			children = (
				84ED4BD31A91EAA400910654 /* salesforceTests.m */,
				84ED4BD11A91EAA400910654 /* Supporting Files */,
			);
			path = salesforceTests;
			sourceTree = "<group>";
		};
		84ED4BD11A91EAA400910654 /* Supporting Files */ = {
			isa = PBXGroup;
			children = (
				84ED4BD21A91EAA400910654 /* Info.plist */,
			);
			name = "Supporting Files";
			sourceTree = "<group>";
		};
/* End PBXGroup section */

/* Begin PBXNativeTarget section */
		84ED4BB31A91EAA300910654 /* salesforce */ = {
			isa = PBXNativeTarget;
			buildConfigurationList = 84ED4BD71A91EAA400910654 /* Build configuration list for PBXNativeTarget "salesforce" */;
			buildPhases = (
				84ED4BB01A91EAA300910654 /* Sources */,
				84ED4BB11A91EAA300910654 /* Frameworks */,
				84ED4BB21A91EAA300910654 /* Resources */,
			);
			buildRules = (
			);
			dependencies = (
			);
			name = salesforce;
			productName = salesforce;
			productReference = 84ED4BB41A91EAA300910654 /* salesforce.app */;
			productType = "com.apple.product-type.application";
		};
		84ED4BCC1A91EAA400910654 /* salesforceTests */ = {
			isa = PBXNativeTarget;
			buildConfigurationList = 84ED4BDA1A91EAA400910654 /* Build configuration list for PBXNativeTarget "salesforceTests" */;
			buildPhases = (
				84ED4BC91A91EAA400910654 /* Sources */,
				84ED4BCA1A91EAA400910654 /* Frameworks */,
				84ED4BCB1A91EAA400910654 /* Resources */,
			);
			buildRules = (
			);
			dependencies = (
				84ED4BCF1A91EAA400910654 /* PBXTargetDependency */,
			);
			name = salesforceTests;
			productName = salesforceTests;
			productReference = 84ED4BCD1A91EAA400910654 /* salesforceTests.xctest */;
			productType = "com.apple.product-type.bundle.unit-test";
		};
/* End PBXNativeTarget section */

/* Begin PBXProject section */
		84ED4BAC1A91EAA300910654 /* Project object */ = {
			isa = PBXProject;
			attributes = {
				LastUpgradeCheck = 0610;
				ORGANIZATIONNAME = prathiba;
				TargetAttributes = {
					84ED4BB31A91EAA300910654 = {
						CreatedOnToolsVersion = 6.1.1;
					};
					84ED4BCC1A91EAA400910654 = {
						CreatedOnToolsVersion = 6.1.1;
						TestTargetID = 84ED4BB31A91EAA300910654;
					};
				};
			};
			buildConfigurationList = 84ED4BAF1A91EAA300910654 /* Build configuration list for PBXProject "salesforce" */;
			compatibilityVersion = "Xcode 3.2";
			developmentRegion = English;
			hasScannedForEncodings = 0;
			knownRegions = (
				en,
				Base,
			);
			mainGroup = 84ED4BAB1A91EAA300910654;
			productRefGroup = 84ED4BB51A91EAA300910654 /* Products */;
			projectDirPath = "";
			projectRoot = "";
			targets = (
				84ED4BB31A91EAA300910654 /* salesforce */,
				84ED4BCC1A91EAA400910654 /* salesforceTests */,
			);
		};
/* End PBXProject section */

/* Begin PBXResourcesBuildPhase section */
		84ED4BB21A91EAA300910654 /* Resources */ = {
			isa = PBXResourcesBuildPhase;
			buildActionMask = 2147483647;
			files = (
				84ED4BC31A91EAA400910654 /* Main.storyboard in Resources */,
				84ED4BC81A91EAA400910654 /* LaunchScreen.xib in Resources */,
				84ED4BC51A91EAA400910654 /* Images.xcassets in Resources */,
			);
			runOnlyForDeploymentPostprocessing = 0;
		};
		84ED4BCB1A91EAA400910654 /* Resources */ = {
			isa = PBXResourcesBuildPhase;
			buildActionMask = 2147483647;
			files = (
			);
			runOnlyForDeploymentPostprocessing = 0;
		};
/* End PBXResourcesBuildPhase section */

/* Begin PBXSourcesBuildPhase section */
		84ED4BB01A91EAA300910654 /* Sources */ = {
			isa = PBXSourcesBuildPhase;
			buildActionMask = 2147483647;
			files = (
				84ED4BC01A91EAA300910654 /* ViewController.m in Sources */,
				84ED4BBD1A91EAA300910654 /* AppDelegate.m in Sources */,
				84ED4BBA1A91EAA300910654 /* main.m in Sources */,
			);
			runOnlyForDeploymentPostprocessing = 0;
		};
		84ED4BC91A91EAA400910654 /* Sources */ = {
			isa = PBXSourcesBuildPhase;
			buildActionMask = 2147483647;
			files = (
				84ED4BD41A91EAA400910654 /* salesforceTests.m in Sources */,
			);
			runOnlyForDeploymentPostprocessing = 0;
		};
/* End PBXSourcesBuildPhase section */

/* Begin PBXTargetDependency section */
		84ED4BCF1A91EAA400910654 /* PBXTargetDependency */ = {
			isa = PBXTargetDependency;
			target = 84ED4BB31A91EAA300910654 /* salesforce */;
			targetProxy = 84ED4BCE1A91EAA400910654 /* PBXContainerItemProxy */;
		};
/* End PBXTargetDependency section */

/* Begin PBXVariantGroup section */
		84ED4BC11A91EAA400910654 /* Main.storyboard */ = {
			isa = PBXVariantGroup;
			children = (
				84ED4BC21A91EAA400910654 /* Base */,
			);
			name = Main.storyboard;
			sourceTree = "<group>";
		};
		84ED4BC61A91EAA400910654 /* LaunchScreen.xib */ = {
			isa = PBXVariantGroup;
			children = (
				84ED4BC71A91EAA400910654 /* Base */,
			);
			name = LaunchScreen.xib;
			sourceTree = "<group>";
		};
/* End PBXVariantGroup section */

/* Begin XCBuildConfiguration section */
		84ED4BD51A91EAA400910654 /* Debug */ = {
			isa = XCBuildConfiguration;
			buildSettings = {
				ALWAYS_SEARCH_USER_PATHS = NO;
				CLANG_CXX_LANGUAGE_STANDARD = "gnu++0x";
				CLANG_CXX_LIBRARY = "libc++";
				CLANG_ENABLE_MODULES = YES;
				CLANG_ENABLE_OBJC_ARC = YES;
				CLANG_WARN_BOOL_CONVERSION = YES;
				CLANG_WARN_CONSTANT_CONVERSION = YES;
				CLANG_WARN_DIRECT_OBJC_ISA_USAGE = YES_ERROR;
				CLANG_WARN_EMPTY_BODY = YES;
				CLANG_WARN_ENUM_CONVERSION = YES;
				CLANG_WARN_INT_CONVERSION = YES;
				CLANG_WARN_OBJC_ROOT_CLASS = YES_ERROR;
				CLANG_WARN_UNREACHABLE_CODE = YES;
				CLANG_WARN__DUPLICATE_METHOD_MATCH = YES;
				"CODE_SIGN_IDENTITY[sdk=iphoneos*]" = "iPhone Developer";
				COPY_PHASE_STRIP = NO;
				ENABLE_STRICT_OBJC_MSGSEND = YES;
				GCC_C_LANGUAGE_STANDARD = gnu99;
				GCC_DYNAMIC_NO_PIC = NO;
				GCC_OPTIMIZATION_LEVEL = 0;
				GCC_PREPROCESSOR_DEFINITIONS = (
					"DEBUG=1",
					"$(inherited)",
				);
				GCC_SYMBOLS_PRIVATE_EXTERN = NO;
				GCC_WARN_64_TO_32_BIT_CONVERSION = YES;
				GCC_WARN_ABOUT_RETURN_TYPE = YES_ERROR;
				GCC_WARN_UNDECLARED_SELECTOR = YES;
				GCC_WARN_UNINITIALIZED_AUTOS = YES_AGGRESSIVE;
				GCC_WARN_UNUSED_FUNCTION = YES;
				GCC_WARN_UNUSED_VARIABLE = YES;
				IPHONEOS_DEPLOYMENT_TARGET = 8.1;
				MTL_ENABLE_DEBUG_INFO = YES;
				ONLY_ACTIVE_ARCH = YES;
				SDKROOT = iphoneos;
				TARGETED_DEVICE_FAMILY = "1,2";
			};
			name = Debug;
		};
		84ED4BD61A91EAA400910654 /* Release */ = {
			isa = XCBuildConfiguration;
			buildSettings = {
				ALWAYS_SEARCH_USER_PATHS = NO;
				CLANG_CXX_LANGUAGE_STANDARD = "gnu++0x";
				CLANG_CXX_LIBRARY = "libc++";
				CLANG_ENABLE_MODULES = YES;
				CLANG_ENABLE_OBJC_ARC = YES;
				CLANG_WARN_BOOL_CONVERSION = YES;
				CLANG_WARN_CONSTANT_CONVERSION = YES;
				CLANG_WARN_DIRECT_OBJC_ISA_USAGE = YES_ERROR;
				CLANG_WARN_EMPTY_BODY = YES;
				CLANG_WARN_ENUM_CONVERSION = YES;
				CLANG_WARN_INT_CONVERSION = YES;
				CLANG_WARN_OBJC_ROOT_CLASS = YES_ERROR;
				CLANG_WARN_UNREACHABLE_CODE = YES;
				CLANG_WARN__DUPLICATE_METHOD_MATCH = YES;
				"CODE_SIGN_IDENTITY[sdk=iphoneos*]" = "iPhone Developer";
				COPY_PHASE_STRIP = YES;
				ENABLE_NS_ASSERTIONS = NO;
				ENABLE_STRICT_OBJC_MSGSEND = YES;
				GCC_C_LANGUAGE_STANDARD = gnu99;
				GCC_WARN_64_TO_32_BIT_CONVERSION = YES;
				GCC_WARN_ABOUT_RETURN_TYPE = YES_ERROR;
				GCC_WARN_UNDECLARED_SELECTOR = YES;
				GCC_WARN_UNINITIALIZED_AUTOS = YES_AGGRESSIVE;
				GCC_WARN_UNUSED_FUNCTION = YES;
				GCC_WARN_UNUSED_VARIABLE = YES;
				IPHONEOS_DEPLOYMENT_TARGET = 8.1;
				MTL_ENABLE_DEBUG_INFO = NO;
				SDKROOT = iphoneos;
				TARGETED_DEVICE_FAMILY = "1,2";
				VALIDATE_PRODUCT = YES;
			};
			name = Release;
		};
		84ED4BD81A91EAA400910654 /* Debug */ = {
			isa = XCBuildConfiguration;
			buildSettings = {
				ASSETCATALOG_COMPILER_APPICON_NAME = AppIcon;
				INFOPLIST_FILE = salesforce/Info.plist;
				LD_RUNPATH_SEARCH_PATHS = "$(inherited) @executable_path/Frameworks";
				PRODUCT_NAME = "$(TARGET_NAME)";
			};
			name = Debug;
		};
		84ED4BD91A91EAA400910654 /* Release */ = {
			isa = XCBuildConfiguration;
			buildSettings = {
				ASSETCATALOG_COMPILER_APPICON_NAME = AppIcon;
				INFOPLIST_FILE = salesforce/Info.plist;
				LD_RUNPATH_SEARCH_PATHS = "$(inherited) @executable_path/Frameworks";
				PRODUCT_NAME = "$(TARGET_NAME)";
			};
			name = Release;
		};
		84ED4BDB1A91EAA400910654 /* Debug */ = {
			isa = XCBuildConfiguration;
			buildSettings = {
				BUNDLE_LOADER = "$(TEST_HOST)";
				FRAMEWORK_SEARCH_PATHS = (
					"$(SDKROOT)/Developer/Library/Frameworks",
					"$(inherited)",
				);
				GCC_PREPROCESSOR_DEFINITIONS = (
					"DEBUG=1",
					"$(inherited)",
				);
				INFOPLIST_FILE = salesforceTests/Info.plist;
				LD_RUNPATH_SEARCH_PATHS = "$(inherited) @executable_path/Frameworks @loader_path/Frameworks";
				PRODUCT_NAME = "$(TARGET_NAME)";
				TEST_HOST = "$(BUILT_PRODUCTS_DIR)/salesforce.app/salesforce";
			};
			name = Debug;
		};
		84ED4BDC1A91EAA400910654 /* Release */ = {
			isa = XCBuildConfiguration;
			buildSettings = {
				BUNDLE_LOADER = "$(TEST_HOST)";
				FRAMEWORK_SEARCH_PATHS = (
					"$(SDKROOT)/Developer/Library/Frameworks",
					"$(inherited)",
				);
				INFOPLIST_FILE = salesforceTests/Info.plist;
				LD_RUNPATH_SEARCH_PATHS = "$(inherited) @executable_path/Frameworks @loader_path/Frameworks";
				PRODUCT_NAME = "$(TARGET_NAME)";
				TEST_HOST = "$(BUILT_PRODUCTS_DIR)/salesforce.app/salesforce";
			};
			name = Release;
		};
/* End XCBuildConfiguration section */

/* Begin XCConfigurationList section */
		84ED4BAF1A91EAA300910654 /* Build configuration list for PBXProject "salesforce" */ = {
			isa = XCConfigurationList;
			buildConfigurations = (
				84ED4BD51A91EAA400910654 /* Debug */,
				84ED4BD61A91EAA400910654 /* Release */,
			);
			defaultConfigurationIsVisible = 0;
			defaultConfigurationName = Release;
		};
		84ED4BD71A91EAA400910654 /* Build configuration list for PBXNativeTarget "salesforce" */ = {
			isa = XCConfigurationList;
			buildConfigurations = (
				84ED4BD81A91EAA400910654 /* Debug */,
				84ED4BD91A91EAA400910654 /* Release */,
			);
			defaultConfigurationIsVisible = 0;
		};
		84ED4BDA1A91EAA400910654 /* Build configuration list for PBXNativeTarget "salesforceTests" */ = {
			isa = XCConfigurationList;
			buildConfigurations = (
				84ED4BDB1A91EAA400910654 /* Debug */,
				84ED4BDC1A91EAA400910654 /* Release */,
			);
			defaultConfigurationIsVisible = 0;
		};
/* End XCConfigurationList section */
	};
	rootObject = 84ED4BAC1A91EAA300910654 /* Project object */;
}
